
Microsoft Visual Studio Solution File, Format Version 12.00
# Visual Studio 2013
VisualStudioVersion = 12.0.40629.0
MinimumVisualStudioVersion = 10.0.40219.1
Project("{8BC9CEB8-8B4A-11D0-8D11-00A0C91BC942}") = "Oni Engine 1.0", "Oni Engine 1.0\Oni Engine 1.0.vcxproj", "{AE4AAA19-A0A6-464F-BD5F-B9A107F5E9FC}"
EndProject
Global
	GlobalSection(SolutionConfigurationPlatforms) = preSolution
		Debug|Win32 = Debug|Win32
		Release|Win32 = Release|Win32
	EndGlobalSection
	GlobalSection(ProjectConfigurationPlatforms) = postSolution
		{AE4AAA19-A0A6-464F-BD5F-B9A107F5E9FC}.Debug|Win32.ActiveCfg = Debug|Win32
		{AE4AAA19-A0A6-464F-BD5F-B9A107F5E9FC}.Debug|Win32.Build.0 = Debug|Win32
		{AE4AAA19-A0A6-464F-BD5F-B9A107F5E9FC}.Release|Win32.ActiveCfg = Release|Win32
		{AE4AAA19-A0A6-464F-BD5F-B9A107F5E9FC}.Release|Win32.Build.0 = Release|Win32
	EndGlobalSection
	GlobalSection(SolutionProperties) = preSolution
		HideSolutionNode = FALSE
	EndGlobalSection
EndGlobal
